
Microsoft Visual Studio Solution File, Format Version 12.00
# Visual Studio Version 16
VisualStudioVersion = 16.0.30011.22
MinimumVisualStudioVersion = 10.0.40219.1
Project("{FAE04EC0-301F-11D3-BF4B-00C04F79EFBC}") = "Dolany.UtilityTool.Safety", "Dolany.UtilityTool.Safety\Dolany.UtilityTool.Safety.csproj", "{6EF2DDD2-0E0C-414B-A696-DF4931BE5D27}"
EndProject
Project("{FAE04EC0-301F-11D3-BF4B-00C04F79EFBC}") = "Dolany.UtilityTool.Linq", "Dolany.UtilityTool.Linq\Dolany.UtilityTool.Linq.csproj", "{71C63514-F1D1-4F6A-8517-5F1770FA5582}"
EndProject
Project("{FAE04EC0-301F-11D3-BF4B-00C04F79EFBC}") = "Dolany.UtilityTool.Lambda", "Dolany.UtilityTool.Lambda\Dolany.UtilityTool.Lambda.csproj", "{DA1258FA-1F47-485C-AE18-82BD5709EEE9}"
EndProject
Project("{FAE04EC0-301F-11D3-BF4B-00C04F79EFBC}") = "UtilityTool.Math", "UtilityTool.Math\UtilityTool.Math.csproj", "{CDF537CD-DCBB-4A6B-9272-7B92D313C56E}"
EndProject
Global
	GlobalSection(SolutionConfigurationPlatforms) = preSolution
		Debug|Any CPU = Debug|Any CPU
		Release|Any CPU = Release|Any CPU
	EndGlobalSection
	GlobalSection(ProjectConfigurationPlatforms) = postSolution
		{6EF2DDD2-0E0C-414B-A696-DF4931BE5D27}.Debug|Any CPU.ActiveCfg = Debug|Any CPU
		{6EF2DDD2-0E0C-414B-A696-DF4931BE5D27}.Debug|Any CPU.Build.0 = Debug|Any CPU
		{6EF2DDD2-0E0C-414B-A696-DF4931BE5D27}.Release|Any CPU.ActiveCfg = Release|Any CPU
		{6EF2DDD2-0E0C-414B-A696-DF4931BE5D27}.Release|Any CPU.Build.0 = Release|Any CPU
		{71C63514-F1D1-4F6A-8517-5F1770FA5582}.Debug|Any CPU.ActiveCfg = Debug|Any CPU
		{71C63514-F1D1-4F6A-8517-5F1770FA5582}.Debug|Any CPU.Build.0 = Debug|Any CPU
		{71C63514-F1D1-4F6A-8517-5F1770FA5582}.Release|Any CPU.ActiveCfg = Release|Any CPU
		{71C63514-F1D1-4F6A-8517-5F1770FA5582}.Release|Any CPU.Build.0 = Release|Any CPU
		{DA1258FA-1F47-485C-AE18-82BD5709EEE9}.Debug|Any CPU.ActiveCfg = Debug|Any CPU
		{DA1258FA-1F47-485C-AE18-82BD5709EEE9}.Debug|Any CPU.Build.0 = Debug|Any CPU
		{DA1258FA-1F47-485C-AE18-82BD5709EEE9}.Release|Any CPU.ActiveCfg = Release|Any CPU
		{DA1258FA-1F47-485C-AE18-82BD5709EEE9}.Release|Any CPU.Build.0 = Release|Any CPU
		{CDF537CD-DCBB-4A6B-9272-7B92D313C56E}.Debug|Any CPU.ActiveCfg = Debug|Any CPU
		{CDF537CD-DCBB-4A6B-9272-7B92D313C56E}.Debug|Any CPU.Build.0 = Debug|Any CPU
		{CDF537CD-DCBB-4A6B-9272-7B92D313C56E}.Release|Any CPU.ActiveCfg = Release|Any CPU
		{CDF537CD-DCBB-4A6B-9272-7B92D313C56E}.Release|Any CPU.Build.0 = Release|Any CPU
	EndGlobalSection
	GlobalSection(SolutionProperties) = preSolution
		HideSolutionNode = FALSE
	EndGlobalSection
	GlobalSection(ExtensibilityGlobals) = postSolution
		SolutionGuid = {673504AF-0F70-4B5A-87AD-8C666C0FEAA9}
	EndGlobalSection
EndGlobal
